{
  "nodes": {
    "click": {
      "inputs": {
        "flake-lib": [
          "huggingface-hub",
          "flake-lib"
        ],
        "flake-utils": [
          "huggingface-hub",
          "flake-utils"
        ],
        "nixpkgs": [
          "huggingface-hub",
          "nixpkgs"
        ]
      },
      "locked": {
        "lastModified": 1788072753,
        "narHash": "sha256-T3n8ymVEu5eMpUs+RE+XXVb4A08EwJ85SoTA0VTn2h8=",
        "owner": "jgus",
        "repo": "click-flake",
        "rev": "63aa55e96c2b70256ced69e674e4a184cb713378",
        "type": "github"
      },
      "original": {
        "owner": "jgus",
        "repo": "click-flake",
        "type": "github"
      }
    },
    "flake-lib": {
      "inputs": {
        "flake-utils": [
          "flake-utils"
        ],
        "nixpkgs": [
          "nixpkgs"
        ]
      },
      "locked": {
        "lastModified": 1788138353,
        "narHash": "sha256-CJy+J5cGaMP8vVsx4PnXnZAf+eSxvMhXykJ4i/pTeXc=",
        "owner": "jgus",
        "repo": "flake-lib",
        "rev": "4e15e882c119458ded6ae4e393268225675e6a95",
        "type": "github"
      },
      "original": {
        "owner": "jgus",
        "ref": "v1",
        "repo": "flake-lib",
        "type": "github"
      }
    },
    "flake-utils": {
      "inputs": {
        "systems": "systems"
      },
      "locked": {
        "lastModified": 1731533236,
        "narHash": "sha256-l0KFg5HjrsfsO/JpG+r7fRrqm12kzFHyUHqHCVpMMbI=",
        "owner": "numtide",
        "repo": "flake-utils",
        "rev": "11707dc2f618dd54ca8739b309ec4fc024de578b",
        "type": "github"
      },
      "original": {
        "owner": "numtide",
        "repo": "flake-utils",
        "type": "github"
      }
    },
    "hf-xet": {
      "inputs": {
        "flake-lib": [
          "huggingface-hub",
          "flake-lib"
        ],
        "flake-utils": [
          "huggingface-hub",
          "flake-utils"
        ],
        "nixpkgs": [
          "huggingface-hub",
          "nixpkgs"
        ]
      },
      "locked": {
        "lastModified": 1788073039,
        "narHash": "sha256-j9Si9fHgw0V1bHMHuRDGLPLy++uSKGamKCBDjUkDOnI=",
        "owner": "jgus",
        "repo": "hf-xet-flake",
        "rev": "cfd0936f1927d31898b4e340c5ab7593493d622c",
        "type": "github"
      },
      "original": {
        "owner": "jgus",
        "repo": "hf-xet-flake",
        "type": "github"
      }
    },
    "huggingface-hub": {
      "inputs": {
        "click": "click",
        "flake-lib": [
          "flake-lib"
        ],
        "flake-utils": [
          "flake-utils"
        ],
        "hf-xet": "hf-xet",
        "nixpkgs": [
          "nixpkgs"
        ]
      },
      "locked": {
        "lastModified": 1788075153,
        "narHash": "sha256-auNKoqpjv4jiVl5dF23S8+aHHOB+tp4E881sdS29tVo=",
        "owner": "jgus",
        "repo": "huggingface-hub-flake",
        "rev": "820a34ba5bb04ab4f51853d5a873c57522876f78",
        "type": "github"
      },
      "original": {
        "owner": "jgus",
        "repo": "huggingface-hub-flake",
        "type": "github"
      }
    },
    "nixpkgs": {
      "locked": {
        "lastModified": 1787964612,
        "narHash": "sha256-0N9nghg3nwzX6b6qc77EzjR9cu/Z+UR66FlfsCqiURs=",
        "owner": "NixOS",
        "repo": "nixpkgs",
        "rev": "e8be7818e19ada32105a8af937a6a473b38167ca",
        "type": "github"
      },
      "original": {
        "owner": "NixOS",
        "ref": "nixpkgs-unstable",
        "repo": "nixpkgs",
        "type": "github"
      }
    },
    "root": {
      "inputs": {
        "flake-lib": "flake-lib",
        "flake-utils": "flake-utils",
        "huggingface-hub": "huggingface-hub",
        "nixpkgs": "nixpkgs"
      }
    },
    "systems": {
      "locked": {
        "lastModified": 1681028828,
        "narHash": "sha256-Vy1rq5AaRuLzOxct8nz4T6wlgyUR7zLU309k9mBC768=",
        "owner": "nix-systems",
        "repo": "default",
        "rev": "da67096a3b9bf56a91d16901293e51ba5b49a27e",
        "type": "github"
      },
      "original": {
        "owner": "nix-systems",
        "repo": "default",
        "type": "github"
      }
    }
  },
  "root": "root",
  "version": 7
}
